
Microsoft Visual Studio Solution File, Format Version 12.00
# Visual Studio 15
VisualStudioVersion = 15.0.27428.2005
MinimumVisualStudioVersion = 10.0.40219.1
Project("{FAE04EC0-301F-11D3-BF4B-00C04F79EFBC}") = "Devider", "Devider.csproj", "{CFCC04B9-5209-454D-94CF-13207DD7115B}"
EndProject
Global
	GlobalSection(SolutionConfigurationPlatforms) = preSolution
		Debug|Any CPU = Debug|Any CPU
		Release|Any CPU = Release|Any CPU
	EndGlobalSection
	GlobalSection(ProjectConfigurationPlatforms) = postSolution
		{CFCC04B9-5209-454D-94CF-13207DD7115B}.Debug|Any CPU.ActiveCfg = Debug|Any CPU
		{CFCC04B9-5209-454D-94CF-13207DD7115B}.Debug|Any CPU.Build.0 = Debug|Any CPU
		{CFCC04B9-5209-454D-94CF-13207DD7115B}.Release|Any CPU.ActiveCfg = Release|Any CPU
		{CFCC04B9-5209-454D-94CF-13207DD7115B}.Release|Any CPU.Build.0 = Release|Any CPU
	EndGlobalSection
	GlobalSection(SolutionProperties) = preSolution
		HideSolutionNode = FALSE
	EndGlobalSection
	GlobalSection(ExtensibilityGlobals) = postSolution
		SolutionGuid = {B07E0BE2-DD7F-4047-8F47-FEFDBE4DBC36}
	EndGlobalSection
EndGlobal
